
Microsoft Visual Studio Solution File, Format Version 12.00
# Visual Studio Version 17
VisualStudioVersion = 17.7.34221.43
MinimumVisualStudioVersion = 10.0.40219.1
Project("{9A19103F-16F7-4668-BE54-9A1E7A4F7556}") = "WebViewer", "WebViewer\WebViewer.csproj", "{A43E7B88-8D86-401A-A4C1-4C261D740C70}"
EndProject
Global
	GlobalSection(SolutionConfigurationPlatforms) = preSolution
		Debug|Any CPU = Debug|Any CPU
		Release|Any CPU = Release|Any CPU
	EndGlobalSection
	GlobalSection(ProjectConfigurationPlatforms) = postSolution
		{A43E7B88-8D86-401A-A4C1-4C261D740C70}.Debug|Any CPU.ActiveCfg = Debug|Any CPU
		{A43E7B88-8D86-401A-A4C1-4C261D740C70}.Debug|Any CPU.Build.0 = Debug|Any CPU
		{A43E7B88-8D86-401A-A4C1-4C261D740C70}.Release|Any CPU.ActiveCfg = Release|Any CPU
		{A43E7B88-8D86-401A-A4C1-4C261D740C70}.Release|Any CPU.Build.0 = Release|Any CPU
	EndGlobalSection
	GlobalSection(SolutionProperties) = preSolution
		HideSolutionNode = FALSE
	EndGlobalSection
	GlobalSection(ExtensibilityGlobals) = postSolution
		SolutionGuid = {146D4A0D-DBAD-462B-9290-807108EAB4C1}
	EndGlobalSection
EndGlobal
